<?xml version="1.0" encoding="UTF-8"?>
<!DOCTYPE plist PUBLIC "-//Apple//DTD PLIST 1.0//EN" "http://www.apple.com/DTDs/PropertyList-1.0.dtd">
<plist version="1.0">
<dict>
	<key>archiveVersion</key>
	<string>1</string>
	<key>classes</key>
	<dict/>
	<key>objectVersion</key>
	<string>46</string>
	<key>objects</key>
	<dict>
		<key>03720A2AE1D3E26211B22D00</key>
		<dict>
			<key>includeInIndex</key>
			<string>1</string>
			<key>isa</key>
			<string>PBXFileReference</string>
			<key>lastKnownFileType</key>
			<string>text.xcconfig</string>
			<key>name</key>
			<string>Pods-SocialFeed.release.xcconfig</string>
			<key>path</key>
			<string>Pods/Target Support Files/Pods-SocialFeed/Pods-SocialFeed.release.xcconfig</string>
			<key>sourceTree</key>
			<string>&lt;group&gt;</string>
		</dict>
		<key>0BE5AA3E3BC07CA16AD2B270</key>
		<dict>
			<key>children</key>
			<array>
				<string>D5FC5C5C4E178213D8A06D55</string>
			</array>
			<key>isa</key>
			<string>PBXGroup</string>
			<key>name</key>
			<string>Frameworks</string>
			<key>sourceTree</key>
			<string>&lt;group&gt;</string>
		</dict>
		<key>0DD288973FCA6A3A3D68F1A0</key>
		<dict>
			<key>includeInIndex</key>
			<string>1</string>
			<key>isa</key>
			<string>PBXFileReference</string>
			<key>lastKnownFileType</key>
			<string>text.xcconfig</string>
			<key>name</key>
			<string>Pods-SocialFeed.debug.xcconfig</string>
			<key>path</key>
			<string>Pods/Target Support Files/Pods-SocialFeed/Pods-SocialFeed.debug.xcconfig</string>
			<key>sourceTree</key>
			<string>&lt;group&gt;</string>
		</dict>
		<key>1D911ED20FF5425D962539B6</key>
		<dict>
			<key>fileRef</key>
			<string>D5FC5C5C4E178213D8A06D55</string>
			<key>isa</key>
			<string>PBXBuildFile</string>
		</dict>
		<key>511CD902E905E8D28A1E5E7A</key>
		<dict>
			<key>buildActionMask</key>
			<string>2147483647</string>
			<key>files</key>
			<array/>
			<key>inputPaths</key>
			<array/>
			<key>isa</key>
			<string>PBXShellScriptBuildPhase</string>
			<key>name</key>
			<string>Copy Pods Resources</string>
			<key>outputPaths</key>
			<array/>
			<key>runOnlyForDeploymentPostprocessing</key>
			<string>0</string>
			<key>shellPath</key>
			<string>/bin/sh</string>
			<key>shellScript</key>
			<string>"${SRCROOT}/Pods/Target Support Files/Pods-SocialFeed/Pods-SocialFeed-resources.sh"
</string>
			<key>showEnvVarsInLog</key>
			<string>0</string>
		</dict>
		<key>6A38BA6541CCC8FCB5CB17D2</key>
		<dict>
			<key>buildActionMask</key>
			<string>2147483647</string>
			<key>files</key>
			<array/>
			<key>inputPaths</key>
			<array/>
			<key>isa</key>
			<string>PBXShellScriptBuildPhase</string>
			<key>name</key>
			<string>Check Pods Manifest.lock</string>
			<key>outputPaths</key>
			<array/>
			<key>runOnlyForDeploymentPostprocessing</key>
			<string>0</string>
			<key>shellPath</key>
			<string>/bin/sh</string>
			<key>shellScript</key>
			<string>diff "${PODS_ROOT}/../Podfile.lock" "${PODS_ROOT}/Manifest.lock" &gt; /dev/null
if [[ $? != 0 ]] ; then
    cat &lt;&lt; EOM
error: The sandbox is not in sync with the Podfile.lock. Run 'pod install' or update your CocoaPods installation.
EOM
    exit 1
fi
</string>
			<key>showEnvVarsInLog</key>
			<string>0</string>
		</dict>
		<key>837F99879A79184E7BBC2E46</key>
		<dict>
			<key>children</key>
			<array>
				<string>0DD288973FCA6A3A3D68F1A0</string>
				<string>03720A2AE1D3E26211B22D00</string>
			</array>
			<key>isa</key>
			<string>PBXGroup</string>
			<key>name</key>
			<string>Pods</string>
			<key>sourceTree</key>
			<string>&lt;group&gt;</string>
		</dict>
		<key>A8B7356B1CBC6F89005C74D7</key>
		<dict>
			<key>children</key>
			<array>
				<string>A8B735761CBC6F89005C74D7</string>
				<string>A8B735751CBC6F89005C74D7</string>
				<string>837F99879A79184E7BBC2E46</string>
				<string>0BE5AA3E3BC07CA16AD2B270</string>
			</array>
			<key>isa</key>
			<string>PBXGroup</string>
			<key>sourceTree</key>
			<string>&lt;group&gt;</string>
		</dict>
		<key>A8B7356C1CBC6F89005C74D7</key>
		<dict>
			<key>attributes</key>
			<dict>
				<key>LastSwiftUpdateCheck</key>
				<string>0730</string>
				<key>LastUpgradeCheck</key>
				<string>0730</string>
				<key>ORGANIZATIONNAME</key>
				<string>Matt Deuschle</string>
				<key>TargetAttributes</key>
				<dict>
					<key>A8B735731CBC6F89005C74D7</key>
					<dict>
						<key>CreatedOnToolsVersion</key>
						<string>7.3</string>
					</dict>
				</dict>
			</dict>
			<key>buildConfigurationList</key>
			<string>A8B7356F1CBC6F89005C74D7</string>
			<key>compatibilityVersion</key>
			<string>Xcode 3.2</string>
			<key>developmentRegion</key>
			<string>English</string>
			<key>hasScannedForEncodings</key>
			<string>0</string>
			<key>isa</key>
			<string>PBXProject</string>
			<key>knownRegions</key>
			<array>
				<string>en</string>
				<string>Base</string>
			</array>
			<key>mainGroup</key>
			<string>A8B7356B1CBC6F89005C74D7</string>
			<key>productRefGroup</key>
			<string>A8B735751CBC6F89005C74D7</string>
			<key>projectDirPath</key>
			<string></string>
			<key>projectReferences</key>
			<array/>
			<key>projectRoot</key>
			<string></string>
			<key>targets</key>
			<array>
				<string>A8B735731CBC6F89005C74D7</string>
			</array>
		</dict>
		<key>A8B7356F1CBC6F89005C74D7</key>
		<dict>
			<key>buildConfigurations</key>
			<array>
				<string>A8B735841CBC6F89005C74D7</string>
				<string>A8B735851CBC6F89005C74D7</string>
			</array>
			<key>defaultConfigurationIsVisible</key>
			<string>0</string>
			<key>defaultConfigurationName</key>
			<string>Release</string>
			<key>isa</key>
			<string>XCConfigurationList</string>
		</dict>
		<key>A8B735701CBC6F89005C74D7</key>
		<dict>
			<key>buildActionMask</key>
			<string>2147483647</string>
			<key>files</key>
			<array>
				<string>A8B7359A1CBC9E3E005C74D7</string>
				<string>A8B735AB1CBD941F005C74D7</string>
				<string>A8B7357A1CBC6F89005C74D7</string>
				<string>A8B735A11CBCAA78005C74D7</string>
				<string>A8B735781CBC6F89005C74D7</string>
				<string>A8B7359D1CBC9EC1005C74D7</string>
				<string>A8B7359F1CBCA76A005C74D7</string>
			</array>
			<key>isa</key>
			<string>PBXSourcesBuildPhase</string>
			<key>runOnlyForDeploymentPostprocessing</key>
			<string>0</string>
		</dict>
		<key>A8B735711CBC6F89005C74D7</key>
		<dict>
			<key>buildActionMask</key>
			<string>2147483647</string>
			<key>files</key>
			<array>
				<string>A8B735A81CBCB42B005C74D7</string>
				<string>A8B735A71CBCB42B005C74D7</string>
				<string>A8B735A61CBCB42B005C74D7</string>
				<string>1D911ED20FF5425D962539B6</string>
			</array>
			<key>isa</key>
			<string>PBXFrameworksBuildPhase</string>
			<key>runOnlyForDeploymentPostprocessing</key>
			<string>0</string>
		</dict>
		<key>A8B735721CBC6F89005C74D7</key>
		<dict>
			<key>buildActionMask</key>
			<string>2147483647</string>
			<key>files</key>
			<array>
				<string>A8B735911CBC7026005C74D7</string>
				<string>A8B735821CBC6F89005C74D7</string>
				<string>A8B735921CBC7026005C74D7</string>
				<string>A8B735931CBC7026005C74D7</string>
				<string>A8B7357D1CBC6F89005C74D7</string>
				<string>A8B735941CBC7026005C74D7</string>
			</array>
			<key>isa</key>
			<string>PBXResourcesBuildPhase</string>
			<key>runOnlyForDeploymentPostprocessing</key>
			<string>0</string>
		</dict>
		<key>A8B735731CBC6F89005C74D7</key>
		<dict>
			<key>buildConfigurationList</key>
			<string>A8B735861CBC6F89005C74D7</string>
			<key>buildPhases</key>
			<array>
				<string>6A38BA6541CCC8FCB5CB17D2</string>
				<string>A8B735701CBC6F89005C74D7</string>
				<string>A8B735711CBC6F89005C74D7</string>
				<string>A8B735721CBC6F89005C74D7</string>
				<string>D03FABC4F87DD7B53041662D</string>
				<string>511CD902E905E8D28A1E5E7A</string>
			</array>
			<key>buildRules</key>
			<array/>
			<key>dependencies</key>
			<array/>
			<key>isa</key>
			<string>PBXNativeTarget</string>
			<key>name</key>
			<string>SocialFeed</string>
			<key>productName</key>
			<string>SocialFeed</string>
			<key>productReference</key>
			<string>A8B735741CBC6F89005C74D7</string>
			<key>productType</key>
			<string>com.apple.product-type.application</string>
		</dict>
		<key>A8B735741CBC6F89005C74D7</key>
		<dict>
			<key>explicitFileType</key>
			<string>wrapper.application</string>
			<key>includeInIndex</key>
			<string>0</string>
			<key>isa</key>
			<string>PBXFileReference</string>
			<key>path</key>
			<string>SocialFeed.app</string>
			<key>sourceTree</key>
			<string>BUILT_PRODUCTS_DIR</string>
		</dict>
		<key>A8B735751CBC6F89005C74D7</key>
		<dict>
			<key>children</key>
			<array>
				<string>A8B735741CBC6F89005C74D7</string>
			</array>
			<key>isa</key>
			<string>PBXGroup</string>
			<key>name</key>
			<string>Products</string>
			<key>sourceTree</key>
			<string>&lt;group&gt;</string>
		</dict>
		<key>A8B735761CBC6F89005C74D7</key>
		<dict>
			<key>children</key>
			<array>
				<string>A8B735A91CBD93FD005C74D7</string>
				<string>A8B735A21CBCB3FC005C74D7</string>
				<string>A8B7359B1CBC9EAC005C74D7</string>
				<string>A8B7358C1CBC6FE1005C74D7</string>
				<string>A8B7358B1CBC6FD9005C74D7</string>
				<string>A8B7358A1CBC6FCF005C74D7</string>
				<string>A8B735891CBC6FB4005C74D7</string>
				<string>A8B735771CBC6F89005C74D7</string>
				<string>A8B735791CBC6F89005C74D7</string>
				<string>A8B7357B1CBC6F89005C74D7</string>
				<string>A8B735801CBC6F89005C74D7</string>
				<string>A8B735831CBC6F89005C74D7</string>
			</array>
			<key>isa</key>
			<string>PBXGroup</string>
			<key>path</key>
			<string>SocialFeed</string>
			<key>sourceTree</key>
			<string>&lt;group&gt;</string>
		</dict>
		<key>A8B735771CBC6F89005C74D7</key>
		<dict>
			<key>isa</key>
			<string>PBXFileReference</string>
			<key>lastKnownFileType</key>
			<string>sourcecode.swift</string>
			<key>path</key>
			<string>AppDelegate.swift</string>
			<key>sourceTree</key>
			<string>&lt;group&gt;</string>
		</dict>
		<key>A8B735781CBC6F89005C74D7</key>
		<dict>
			<key>fileRef</key>
			<string>A8B735771CBC6F89005C74D7</string>
			<key>isa</key>
			<string>PBXBuildFile</string>
		</dict>
		<key>A8B735791CBC6F89005C74D7</key>
		<dict>
			<key>isa</key>
			<string>PBXFileReference</string>
			<key>lastKnownFileType</key>
			<string>sourcecode.swift</string>
			<key>path</key>
			<string>ViewController.swift</string>
			<key>sourceTree</key>
			<string>&lt;group&gt;</string>
		</dict>
		<key>A8B7357A1CBC6F89005C74D7</key>
		<dict>
			<key>fileRef</key>
			<string>A8B735791CBC6F89005C74D7</string>
			<key>isa</key>
			<string>PBXBuildFile</string>
		</dict>
		<key>A8B7357B1CBC6F89005C74D7</key>
		<dict>
			<key>children</key>
			<array>
				<string>A8B7357C1CBC6F89005C74D7</string>
			</array>
			<key>isa</key>
			<string>PBXVariantGroup</string>
			<key>name</key>
			<string>Main.storyboard</string>
			<key>sourceTree</key>
			<string>&lt;group&gt;</string>
		</dict>
		<key>A8B7357C1CBC6F89005C74D7</key>
		<dict>
			<key>isa</key>
			<string>PBXFileReference</string>
			<key>lastKnownFileType</key>
			<string>file.storyboard</string>
			<key>name</key>
			<string>Base</string>
			<key>path</key>
			<string>Base.lproj/Main.storyboard</string>
			<key>sourceTree</key>
			<string>&lt;group&gt;</string>
		</dict>
		<key>A8B7357D1CBC6F89005C74D7</key>
		<dict>
			<key>fileRef</key>
			<string>A8B7357B1CBC6F89005C74D7</string>
			<key>isa</key>
			<string>PBXBuildFile</string>
		</dict>
		<key>A8B735801CBC6F89005C74D7</key>
		<dict>
			<key>children</key>
			<array>
				<string>A8B735811CBC6F89005C74D7</string>
			</array>
			<key>isa</key>
			<string>PBXVariantGroup</string>
			<key>name</key>
			<string>LaunchScreen.storyboard</string>
			<key>sourceTree</key>
			<string>&lt;group&gt;</string>
		</dict>
		<key>A8B735811CBC6F89005C74D7</key>
		<dict>
			<key>isa</key>
			<string>PBXFileReference</string>
			<key>lastKnownFileType</key>
			<string>file.storyboard</string>
			<key>name</key>
			<string>Base</string>
			<key>path</key>
			<string>Base.lproj/LaunchScreen.storyboard</string>
			<key>sourceTree</key>
			<string>&lt;group&gt;</string>
		</dict>
		<key>A8B735821CBC6F89005C74D7</key>
		<dict>
			<key>fileRef</key>
			<string>A8B735801CBC6F89005C74D7</string>
			<key>isa</key>
			<string>PBXBuildFile</string>
		</dict>
		<key>A8B735831CBC6F89005C74D7</key>
		<dict>
			<key>isa</key>
			<string>PBXFileReference</string>
			<key>lastKnownFileType</key>
			<string>text.plist.xml</string>
			<key>path</key>
			<string>Info.plist</string>
			<key>sourceTree</key>
			<string>&lt;group&gt;</string>
		</dict>
		<key>A8B735841CBC6F89005C74D7</key>
		<dict>
			<key>buildSettings</key>
			<dict>
				<key>ALWAYS_SEARCH_USER_PATHS</key>
				<string>NO</string>
				<key>CLANG_ANALYZER_NONNULL</key>
				<string>YES</string>
				<key>CLANG_CXX_LANGUAGE_STANDARD</key>
				<string>gnu++0x</string>
				<key>CLANG_CXX_LIBRARY</key>
				<string>libc++</string>
				<key>CLANG_ENABLE_MODULES</key>
				<string>YES</string>
				<key>CLANG_ENABLE_OBJC_ARC</key>
				<string>YES</string>
				<key>CLANG_WARN_BOOL_CONVERSION</key>
				<string>YES</string>
				<key>CLANG_WARN_CONSTANT_CONVERSION</key>
				<string>YES</string>
				<key>CLANG_WARN_DIRECT_OBJC_ISA_USAGE</key>
				<string>YES_ERROR</string>
				<key>CLANG_WARN_EMPTY_BODY</key>
				<string>YES</string>
				<key>CLANG_WARN_ENUM_CONVERSION</key>
				<string>YES</string>
				<key>CLANG_WARN_INT_CONVERSION</key>
				<string>YES</string>
				<key>CLANG_WARN_OBJC_ROOT_CLASS</key>
				<string>YES_ERROR</string>
				<key>CLANG_WARN_UNREACHABLE_CODE</key>
				<string>YES</string>
				<key>CLANG_WARN__DUPLICATE_METHOD_MATCH</key>
				<string>YES</string>
				<key>CODE_SIGN_IDENTITY[sdk=iphoneos*]</key>
				<string>iPhone Developer</string>
				<key>COPY_PHASE_STRIP</key>
				<string>NO</string>
				<key>DEBUG_INFORMATION_FORMAT</key>
				<string>dwarf</string>
				<key>ENABLE_STRICT_OBJC_MSGSEND</key>
				<string>YES</string>
				<key>ENABLE_TESTABILITY</key>
				<string>YES</string>
				<key>GCC_C_LANGUAGE_STANDARD</key>
				<string>gnu99</string>
				<key>GCC_DYNAMIC_NO_PIC</key>
				<string>NO</string>
				<key>GCC_NO_COMMON_BLOCKS</key>
				<string>YES</string>
				<key>GCC_OPTIMIZATION_LEVEL</key>
				<string>0</string>
				<key>GCC_PREPROCESSOR_DEFINITIONS</key>
				<array>
					<string>DEBUG=1</string>
					<string>$(inherited)</string>
				</array>
				<key>GCC_WARN_64_TO_32_BIT_CONVERSION</key>
				<string>YES</string>
				<key>GCC_WARN_ABOUT_RETURN_TYPE</key>
				<string>YES_ERROR</string>
				<key>GCC_WARN_UNDECLARED_SELECTOR</key>
				<string>YES</string>
				<key>GCC_WARN_UNINITIALIZED_AUTOS</key>
				<string>YES_AGGRESSIVE</string>
				<key>GCC_WARN_UNUSED_FUNCTION</key>
				<string>YES</string>
				<key>GCC_WARN_UNUSED_VARIABLE</key>
				<string>YES</string>
				<key>IPHONEOS_DEPLOYMENT_TARGET</key>
				<string>9.3</string>
				<key>MTL_ENABLE_DEBUG_INFO</key>
				<string>YES</string>
				<key>ONLY_ACTIVE_ARCH</key>
				<string>YES</string>
				<key>SDKROOT</key>
				<string>iphoneos</string>
				<key>SWIFT_OPTIMIZATION_LEVEL</key>
				<string>-Onone</string>
				<key>TARGETED_DEVICE_FAMILY</key>
				<string>1,2</string>
			</dict>
			<key>isa</key>
			<string>XCBuildConfiguration</string>
			<key>name</key>
			<string>Debug</string>
		</dict>
		<key>A8B735851CBC6F89005C74D7</key>
		<dict>
			<key>buildSettings</key>
			<dict>
				<key>ALWAYS_SEARCH_USER_PATHS</key>
				<string>NO</string>
				<key>CLANG_ANALYZER_NONNULL</key>
				<string>YES</string>
				<key>CLANG_CXX_LANGUAGE_STANDARD</key>
				<string>gnu++0x</string>
				<key>CLANG_CXX_LIBRARY</key>
				<string>libc++</string>
				<key>CLANG_ENABLE_MODULES</key>
				<string>YES</string>
				<key>CLANG_ENABLE_OBJC_ARC</key>
				<string>YES</string>
				<key>CLANG_WARN_BOOL_CONVERSION</key>
				<string>YES</string>
				<key>CLANG_WARN_CONSTANT_CONVERSION</key>
				<string>YES</string>
				<key>CLANG_WARN_DIRECT_OBJC_ISA_USAGE</key>
				<string>YES_ERROR</string>
				<key>CLANG_WARN_EMPTY_BODY</key>
				<string>YES</string>
				<key>CLANG_WARN_ENUM_CONVERSION</key>
				<string>YES</string>
				<key>CLANG_WARN_INT_CONVERSION</key>
				<string>YES</string>
				<key>CLANG_WARN_OBJC_ROOT_CLASS</key>
				<string>YES_ERROR</string>
				<key>CLANG_WARN_UNREACHABLE_CODE</key>
				<string>YES</string>
				<key>CLANG_WARN__DUPLICATE_METHOD_MATCH</key>
				<string>YES</string>
				<key>CODE_SIGN_IDENTITY[sdk=iphoneos*]</key>
				<string>iPhone Developer</string>
				<key>COPY_PHASE_STRIP</key>
				<string>NO</string>
				<key>DEBUG_INFORMATION_FORMAT</key>
				<string>dwarf-with-dsym</string>
				<key>ENABLE_NS_ASSERTIONS</key>
				<string>NO</string>
				<key>ENABLE_STRICT_OBJC_MSGSEND</key>
				<string>YES</string>
				<key>GCC_C_LANGUAGE_STANDARD</key>
				<string>gnu99</string>
				<key>GCC_NO_COMMON_BLOCKS</key>
				<string>YES</string>
				<key>GCC_WARN_64_TO_32_BIT_CONVERSION</key>
				<string>YES</string>
				<key>GCC_WARN_ABOUT_RETURN_TYPE</key>
				<string>YES_ERROR</string>
				<key>GCC_WARN_UNDECLARED_SELECTOR</key>
				<string>YES</string>
				<key>GCC_WARN_UNINITIALIZED_AUTOS</key>
				<string>YES_AGGRESSIVE</string>
				<key>GCC_WARN_UNUSED_FUNCTION</key>
				<string>YES</string>
				<key>GCC_WARN_UNUSED_VARIABLE</key>
				<string>YES</string>
				<key>IPHONEOS_DEPLOYMENT_TARGET</key>
				<string>9.3</string>
				<key>MTL_ENABLE_DEBUG_INFO</key>
				<string>NO</string>
				<key>SDKROOT</key>
				<string>iphoneos</string>
				<key>TARGETED_DEVICE_FAMILY</key>
				<string>1,2</string>
				<key>VALIDATE_PRODUCT</key>
				<string>YES</string>
			</dict>
			<key>isa</key>
			<string>XCBuildConfiguration</string>
			<key>name</key>
			<string>Release</string>
		</dict>
		<key>A8B735861CBC6F89005C74D7</key>
		<dict>
			<key>buildConfigurations</key>
			<array>
				<string>A8B735871CBC6F89005C74D7</string>
				<string>A8B735881CBC6F89005C74D7</string>
			</array>
			<key>defaultConfigurationIsVisible</key>
			<string>0</string>
			<key>defaultConfigurationName</key>
			<string>Release</string>
			<key>isa</key>
			<string>XCConfigurationList</string>
		</dict>
		<key>A8B735871CBC6F89005C74D7</key>
		<dict>
			<key>baseConfigurationReference</key>
			<string>0DD288973FCA6A3A3D68F1A0</string>
			<key>buildSettings</key>
			<dict>
				<key>ASSETCATALOG_COMPILER_APPICON_NAME</key>
				<string>AppIcon</string>
				<key>ENABLE_BITCODE</key>
				<string>NO</string>
				<key>FRAMEWORK_SEARCH_PATHS</key>
				<array>
					<string>$(inherited)</string>
					<string>$(PROJECT_DIR)/SocialFeed</string>
				</array>
				<key>INFOPLIST_FILE</key>
				<string>SocialFeed/Info.plist</string>
				<key>LD_RUNPATH_SEARCH_PATHS</key>
				<string>$(inherited) @executable_path/Frameworks</string>
				<key>PRODUCT_BUNDLE_IDENTIFIER</key>
				<string>com.mattdeuschle.SocialFeed</string>
				<key>PRODUCT_NAME</key>
				<string>$(TARGET_NAME)</string>
			</dict>
			<key>isa</key>
			<string>XCBuildConfiguration</string>
			<key>name</key>
			<string>Debug</string>
		</dict>
		<key>A8B735881CBC6F89005C74D7</key>
		<dict>
			<key>baseConfigurationReference</key>
			<string>03720A2AE1D3E26211B22D00</string>
			<key>buildSettings</key>
			<dict>
				<key>ASSETCATALOG_COMPILER_APPICON_NAME</key>
				<string>AppIcon</string>
				<key>ENABLE_BITCODE</key>
				<string>NO</string>
				<key>FRAMEWORK_SEARCH_PATHS</key>
				<array>
					<string>$(inherited)</string>
					<string>$(PROJECT_DIR)/SocialFeed</string>
				</array>
				<key>INFOPLIST_FILE</key>
				<string>SocialFeed/Info.plist</string>
				<key>LD_RUNPATH_SEARCH_PATHS</key>
				<string>$(inherited) @executable_path/Frameworks</string>
				<key>PRODUCT_BUNDLE_IDENTIFIER</key>
				<string>com.mattdeuschle.SocialFeed</string>
				<key>PRODUCT_NAME</key>
				<string>$(TARGET_NAME)</string>
			</dict>
			<key>isa</key>
			<string>XCBuildConfiguration</string>
			<key>name</key>
			<string>Release</string>
		</dict>
		<key>A8B735891CBC6FB4005C74D7</key>
		<dict>
			<key>children</key>
			<array/>
			<key>isa</key>
			<string>PBXGroup</string>
			<key>name</key>
			<string>Contoller</string>
			<key>sourceTree</key>
			<string>&lt;group&gt;</string>
		</dict>
		<key>A8B7358A1CBC6FCF005C74D7</key>
		<dict>
			<key>children</key>
			<array>
				<string>A8B735991CBC9E3E005C74D7</string>
				<string>A8B7359E1CBCA76A005C74D7</string>
				<string>A8B735A01CBCAA78005C74D7</string>
			</array>
			<key>isa</key>
			<string>PBXGroup</string>
			<key>name</key>
			<string>View</string>
			<key>sourceTree</key>
			<string>&lt;group&gt;</string>
		</dict>
		<key>A8B7358B1CBC6FD9005C74D7</key>
		<dict>
			<key>children</key>
			<array/>
			<key>isa</key>
			<string>PBXGroup</string>
			<key>name</key>
			<string>Model</string>
			<key>sourceTree</key>
			<string>&lt;group&gt;</string>
		</dict>
		<key>A8B7358C1CBC6FE1005C74D7</key>
		<dict>
			<key>children</key>
			<array>
				<string>A8B7358D1CBC7026005C74D7</string>
				<string>A8B7358E1CBC7026005C74D7</string>
				<string>A8B7358F1CBC7026005C74D7</string>
				<string>A8B735901CBC7026005C74D7</string>
			</array>
			<key>isa</key>
			<string>PBXGroup</string>
			<key>name</key>
			<string>Resources</string>
			<key>sourceTree</key>
			<string>&lt;group&gt;</string>
		</dict>
		<key>A8B7358D1CBC7026005C74D7</key>
		<dict>
			<key>isa</key>
			<string>PBXFileReference</string>
			<key>lastKnownFileType</key>
			<string>file</string>
			<key>path</key>
			<string>NotoSans-Bold.ttf</string>
			<key>sourceTree</key>
			<string>&lt;group&gt;</string>
		</dict>
		<key>A8B7358E1CBC7026005C74D7</key>
		<dict>
			<key>isa</key>
			<string>PBXFileReference</string>
			<key>lastKnownFileType</key>
			<string>file</string>
			<key>path</key>
			<string>NotoSans-BoldItalic.ttf</string>
			<key>sourceTree</key>
			<string>&lt;group&gt;</string>
		</dict>
		<key>A8B7358F1CBC7026005C74D7</key>
		<dict>
			<key>isa</key>
			<string>PBXFileReference</string>
			<key>lastKnownFileType</key>
			<string>file</string>
			<key>path</key>
			<string>NotoSans-Italic.ttf</string>
			<key>sourceTree</key>
			<string>&lt;group&gt;</string>
		</dict>
		<key>A8B735901CBC7026005C74D7</key>
		<dict>
			<key>isa</key>
			<string>PBXFileReference</string>
			<key>lastKnownFileType</key>
			<string>file</string>
			<key>path</key>
			<string>NotoSans-Regular.ttf</string>
			<key>sourceTree</key>
			<string>&lt;group&gt;</string>
		</dict>
		<key>A8B735911CBC7026005C74D7</key>
		<dict>
			<key>fileRef</key>
			<string>A8B7358D1CBC7026005C74D7</string>
			<key>isa</key>
			<string>PBXBuildFile</string>
		</dict>
		<key>A8B735921CBC7026005C74D7</key>
		<dict>
			<key>fileRef</key>
			<string>A8B7358E1CBC7026005C74D7</string>
			<key>isa</key>
			<string>PBXBuildFile</string>
		</dict>
		<key>A8B735931CBC7026005C74D7</key>
		<dict>
			<key>fileRef</key>
			<string>A8B7358F1CBC7026005C74D7</string>
			<key>isa</key>
			<string>PBXBuildFile</string>
		</dict>
		<key>A8B735941CBC7026005C74D7</key>
		<dict>
			<key>fileRef</key>
			<string>A8B735901CBC7026005C74D7</string>
			<key>isa</key>
			<string>PBXBuildFile</string>
		</dict>
		<key>A8B735991CBC9E3E005C74D7</key>
		<dict>
			<key>fileEncoding</key>
			<string>4</string>
			<key>isa</key>
			<string>PBXFileReference</string>
			<key>lastKnownFileType</key>
			<string>sourcecode.swift</string>
			<key>path</key>
			<string>CustomView.swift</string>
			<key>sourceTree</key>
			<string>&lt;group&gt;</string>
		</dict>
		<key>A8B7359A1CBC9E3E005C74D7</key>
		<dict>
			<key>fileRef</key>
			<string>A8B735991CBC9E3E005C74D7</string>
			<key>isa</key>
			<string>PBXBuildFile</string>
		</dict>
		<key>A8B7359B1CBC9EAC005C74D7</key>
		<dict>
			<key>children</key>
			<array>
				<string>A8B7359C1CBC9EC1005C74D7</string>
			</array>
			<key>isa</key>
			<string>PBXGroup</string>
			<key>name</key>
			<string>Util</string>
			<key>sourceTree</key>
			<string>&lt;group&gt;</string>
		</dict>
		<key>A8B7359C1CBC9EC1005C74D7</key>
		<dict>
			<key>fileEncoding</key>
			<string>4</string>
			<key>isa</key>
			<string>PBXFileReference</string>
			<key>lastKnownFileType</key>
			<string>sourcecode.swift</string>
			<key>path</key>
			<string>Constants.swift</string>
			<key>sourceTree</key>
			<string>&lt;group&gt;</string>
		</dict>
		<key>A8B7359D1CBC9EC1005C74D7</key>
		<dict>
			<key>fileRef</key>
			<string>A8B7359C1CBC9EC1005C74D7</string>
			<key>isa</key>
			<string>PBXBuildFile</string>
		</dict>
		<key>A8B7359E1CBCA76A005C74D7</key>
		<dict>
			<key>fileEncoding</key>
			<string>4</string>
			<key>isa</key>
			<string>PBXFileReference</string>
			<key>lastKnownFileType</key>
			<string>sourcecode.swift</string>
			<key>path</key>
			<string>MaterialButton.swift</string>
			<key>sourceTree</key>
			<string>&lt;group&gt;</string>
		</dict>
		<key>A8B7359F1CBCA76A005C74D7</key>
		<dict>
			<key>fileRef</key>
			<string>A8B7359E1CBCA76A005C74D7</string>
			<key>isa</key>
			<string>PBXBuildFile</string>
		</dict>
		<key>A8B735A01CBCAA78005C74D7</key>
		<dict>
			<key>fileEncoding</key>
			<string>4</string>
			<key>isa</key>
			<string>PBXFileReference</string>
			<key>lastKnownFileType</key>
			<string>sourcecode.swift</string>
			<key>path</key>
			<string>CustomTextField.swift</string>
			<key>sourceTree</key>
			<string>&lt;group&gt;</string>
		</dict>
		<key>A8B735A11CBCAA78005C74D7</key>
		<dict>
			<key>fileRef</key>
			<string>A8B735A01CBCAA78005C74D7</string>
			<key>isa</key>
			<string>PBXBuildFile</string>
		</dict>
		<key>A8B735A21CBCB3FC005C74D7</key>
		<dict>
			<key>children</key>
			<array>
				<string>A8B735A31CBCB42B005C74D7</string>
				<string>A8B735A41CBCB42B005C74D7</string>
				<string>A8B735A51CBCB42B005C74D7</string>
			</array>
			<key>isa</key>
			<string>PBXGroup</string>
			<key>name</key>
			<string>Frameworks</string>
			<key>sourceTree</key>
			<string>&lt;group&gt;</string>
		</dict>
		<key>A8B735A31CBCB42B005C74D7</key>
		<dict>
			<key>isa</key>
			<string>PBXFileReference</string>
			<key>lastKnownFileType</key>
			<string>wrapper.framework</string>
			<key>path</key>
			<string>FBSDKCoreKit.framework</string>
			<key>sourceTree</key>
			<string>&lt;group&gt;</string>
		</dict>
		<key>A8B735A41CBCB42B005C74D7</key>
		<dict>
			<key>isa</key>
			<string>PBXFileReference</string>
			<key>lastKnownFileType</key>
			<string>wrapper.framework</string>
			<key>path</key>
			<string>FBSDKLoginKit.framework</string>
			<key>sourceTree</key>
			<string>&lt;group&gt;</string>
		</dict>
		<key>A8B735A51CBCB42B005C74D7</key>
		<dict>
			<key>isa</key>
			<string>PBXFileReference</string>
			<key>lastKnownFileType</key>
			<string>wrapper.framework</string>
			<key>path</key>
			<string>Bolts.framework</string>
			<key>sourceTree</key>
			<string>&lt;group&gt;</string>
		</dict>
		<key>A8B735A61CBCB42B005C74D7</key>
		<dict>
			<key>fileRef</key>
			<string>A8B735A31CBCB42B005C74D7</string>
			<key>isa</key>
			<string>PBXBuildFile</string>
		</dict>
		<key>A8B735A71CBCB42B005C74D7</key>
		<dict>
			<key>fileRef</key>
			<string>A8B735A41CBCB42B005C74D7</string>
			<key>isa</key>
			<string>PBXBuildFile</string>
		</dict>
		<key>A8B735A81CBCB42B005C74D7</key>
		<dict>
			<key>fileRef</key>
			<string>A8B735A51CBCB42B005C74D7</string>
			<key>isa</key>
			<string>PBXBuildFile</string>
		</dict>
		<key>A8B735A91CBD93FD005C74D7</key>
		<dict>
			<key>children</key>
			<array>
				<string>A8B735AA1CBD941F005C74D7</string>
			</array>
			<key>isa</key>
			<string>PBXGroup</string>
			<key>name</key>
			<string>Services</string>
			<key>sourceTree</key>
			<string>&lt;group&gt;</string>
		</dict>
		<key>A8B735AA1CBD941F005C74D7</key>
		<dict>
			<key>fileEncoding</key>
			<string>4</string>
			<key>isa</key>
			<string>PBXFileReference</string>
			<key>lastKnownFileType</key>
			<string>sourcecode.swift</string>
			<key>path</key>
			<string>DataService.swift</string>
			<key>sourceTree</key>
			<string>&lt;group&gt;</string>
		</dict>
		<key>A8B735AB1CBD941F005C74D7</key>
		<dict>
			<key>fileRef</key>
			<string>A8B735AA1CBD941F005C74D7</string>
			<key>isa</key>
			<string>PBXBuildFile</string>
		</dict>
		<key>D03FABC4F87DD7B53041662D</key>
		<dict>
			<key>buildActionMask</key>
			<string>2147483647</string>
			<key>files</key>
			<array/>
			<key>inputPaths</key>
			<array/>
			<key>isa</key>
			<string>PBXShellScriptBuildPhase</string>
			<key>name</key>
			<string>Embed Pods Frameworks</string>
			<key>outputPaths</key>
			<array/>
			<key>runOnlyForDeploymentPostprocessing</key>
			<string>0</string>
			<key>shellPath</key>
			<string>/bin/sh</string>
			<key>shellScript</key>
			<string>"${SRCROOT}/Pods/Target Support Files/Pods-SocialFeed/Pods-SocialFeed-frameworks.sh"
</string>
			<key>showEnvVarsInLog</key>
			<string>0</string>
		</dict>
		<key>D5FC5C5C4E178213D8A06D55</key>
		<dict>
			<key>explicitFileType</key>
			<string>wrapper.framework</string>
			<key>includeInIndex</key>
			<string>0</string>
			<key>isa</key>
			<string>PBXFileReference</string>
			<key>path</key>
			<string>Pods_SocialFeed.framework</string>
			<key>sourceTree</key>
			<string>BUILT_PRODUCTS_DIR</string>
		</dict>
	</dict>
	<key>rootObject</key>
	<string>A8B7356C1CBC6F89005C74D7</string>
</dict>
</plist>
