// !$*UTF8*$!
{
	archiveVersion = 1;
	classes = {
	};
	objectVersion = 46;
	objects = {

/* Begin PBXBuildFile section */
		A8B735781CBC6F89005C74D7 /* AppDelegate.swift in Sources */ = {isa = PBXBuildFile; fileRef = A8B735771CBC6F89005C74D7 /* AppDelegate.swift */; };
		A8B7357A1CBC6F89005C74D7 /* ViewController.swift in Sources */ = {isa = PBXBuildFile; fileRef = A8B735791CBC6F89005C74D7 /* ViewController.swift */; };
		A8B7357D1CBC6F89005C74D7 /* Main.storyboard in Resources */ = {isa = PBXBuildFile; fileRef = A8B7357B1CBC6F89005C74D7 /* Main.storyboard */; };
		A8B735821CBC6F89005C74D7 /* LaunchScreen.storyboard in Resources */ = {isa = PBXBuildFile; fileRef = A8B735801CBC6F89005C74D7 /* LaunchScreen.storyboard */; };
		A8B735911CBC7026005C74D7 /* NotoSans-Bold.ttf in Resources */ = {isa = PBXBuildFile; fileRef = A8B7358D1CBC7026005C74D7 /* NotoSans-Bold.ttf */; };
		A8B735921CBC7026005C74D7 /* NotoSans-BoldItalic.ttf in Resources */ = {isa = PBXBuildFile; fileRef = A8B7358E1CBC7026005C74D7 /* NotoSans-BoldItalic.ttf */; };
		A8B735931CBC7026005C74D7 /* NotoSans-Italic.ttf in Resources */ = {isa = PBXBuildFile; fileRef = A8B7358F1CBC7026005C74D7 /* NotoSans-Italic.ttf */; };
		A8B735941CBC7026005C74D7 /* NotoSans-Regular.ttf in Resources */ = {isa = PBXBuildFile; fileRef = A8B735901CBC7026005C74D7 /* NotoSans-Regular.ttf */; };
		A8B7359A1CBC9E3E005C74D7 /* CustomView.swift in Sources */ = {isa = PBXBuildFile; fileRef = A8B735991CBC9E3E005C74D7 /* CustomView.swift */; };
		A8B7359D1CBC9EC1005C74D7 /* Constants.swift in Sources */ = {isa = PBXBuildFile; fileRef = A8B7359C1CBC9EC1005C74D7 /* Constants.swift */; };
		A8B7359F1CBCA76A005C74D7 /* MaterialButton.swift in Sources */ = {isa = PBXBuildFile; fileRef = A8B7359E1CBCA76A005C74D7 /* MaterialButton.swift */; };
		A8B735A11CBCAA78005C74D7 /* CustomTextField.swift in Sources */ = {isa = PBXBuildFile; fileRef = A8B735A01CBCAA78005C74D7 /* CustomTextField.swift */; };
/* End PBXBuildFile section */

/* Begin PBXFileReference section */
		A8B735741CBC6F89005C74D7 /* SocialFeed.app */ = {isa = PBXFileReference; explicitFileType = wrapper.application; includeInIndex = 0; path = SocialFeed.app; sourceTree = BUILT_PRODUCTS_DIR; };
		A8B735771CBC6F89005C74D7 /* AppDelegate.swift */ = {isa = PBXFileReference; lastKnownFileType = sourcecode.swift; path = AppDelegate.swift; sourceTree = "<group>"; };
		A8B735791CBC6F89005C74D7 /* ViewController.swift */ = {isa = PBXFileReference; lastKnownFileType = sourcecode.swift; path = ViewController.swift; sourceTree = "<group>"; };
		A8B7357C1CBC6F89005C74D7 /* Base */ = {isa = PBXFileReference; lastKnownFileType = file.storyboard; name = Base; path = Base.lproj/Main.storyboard; sourceTree = "<group>"; };
		A8B735811CBC6F89005C74D7 /* Base */ = {isa = PBXFileReference; lastKnownFileType = file.storyboard; name = Base; path = Base.lproj/LaunchScreen.storyboard; sourceTree = "<group>"; };
		A8B735831CBC6F89005C74D7 /* Info.plist */ = {isa = PBXFileReference; lastKnownFileType = text.plist.xml; path = Info.plist; sourceTree = "<group>"; };
		A8B7358D1CBC7026005C74D7 /* NotoSans-Bold.ttf */ = {isa = PBXFileReference; lastKnownFileType = file; path = "NotoSans-Bold.ttf"; sourceTree = "<group>"; };
		A8B7358E1CBC7026005C74D7 /* NotoSans-BoldItalic.ttf */ = {isa = PBXFileReference; lastKnownFileType = file; path = "NotoSans-BoldItalic.ttf"; sourceTree = "<group>"; };
		A8B7358F1CBC7026005C74D7 /* NotoSans-Italic.ttf */ = {isa = PBXFileReference; lastKnownFileType = file; path = "NotoSans-Italic.ttf"; sourceTree = "<group>"; };
		A8B735901CBC7026005C74D7 /* NotoSans-Regular.ttf */ = {isa = PBXFileReference; lastKnownFileType = file; path = "NotoSans-Regular.ttf"; sourceTree = "<group>"; };
		A8B735991CBC9E3E005C74D7 /* CustomView.swift */ = {isa = PBXFileReference; fileEncoding = 4; lastKnownFileType = sourcecode.swift; path = CustomView.swift; sourceTree = "<group>"; };
		A8B7359C1CBC9EC1005C74D7 /* Constants.swift */ = {isa = PBXFileReference; fileEncoding = 4; lastKnownFileType = sourcecode.swift; path = Constants.swift; sourceTree = "<group>"; };
		A8B7359E1CBCA76A005C74D7 /* MaterialButton.swift */ = {isa = PBXFileReference; fileEncoding = 4; lastKnownFileType = sourcecode.swift; path = MaterialButton.swift; sourceTree = "<group>"; };
		A8B735A01CBCAA78005C74D7 /* CustomTextField.swift */ = {isa = PBXFileReference; fileEncoding = 4; lastKnownFileType = sourcecode.swift; path = CustomTextField.swift; sourceTree = "<group>"; };
/* End PBXFileReference section */

/* Begin PBXFrameworksBuildPhase section */
		A8B735711CBC6F89005C74D7 /* Frameworks */ = {
			isa = PBXFrameworksBuildPhase;
			buildActionMask = 2147483647;
			files = (
			);
			runOnlyForDeploymentPostprocessing = 0;
		};
/* End PBXFrameworksBuildPhase section */

/* Begin PBXGroup section */
		A8B7356B1CBC6F89005C74D7 = {
			isa = PBXGroup;
			children = (
				A8B735761CBC6F89005C74D7 /* SocialFeed */,
				A8B735751CBC6F89005C74D7 /* Products */,
			);
			sourceTree = "<group>";
		};
		A8B735751CBC6F89005C74D7 /* Products */ = {
			isa = PBXGroup;
			children = (
				A8B735741CBC6F89005C74D7 /* SocialFeed.app */,
			);
			name = Products;
			sourceTree = "<group>";
		};
		A8B735761CBC6F89005C74D7 /* SocialFeed */ = {
			isa = PBXGroup;
			children = (
				A8B7359B1CBC9EAC005C74D7 /* Util */,
				A8B7358C1CBC6FE1005C74D7 /* Resources */,
				A8B7358B1CBC6FD9005C74D7 /* Model */,
				A8B7358A1CBC6FCF005C74D7 /* View */,
				A8B735891CBC6FB4005C74D7 /* Contoller */,
				A8B735771CBC6F89005C74D7 /* AppDelegate.swift */,
				A8B735791CBC6F89005C74D7 /* ViewController.swift */,
				A8B7357B1CBC6F89005C74D7 /* Main.storyboard */,
				A8B735801CBC6F89005C74D7 /* LaunchScreen.storyboard */,
				A8B735831CBC6F89005C74D7 /* Info.plist */,
			);
			path = SocialFeed;
			sourceTree = "<group>";
		};
		A8B735891CBC6FB4005C74D7 /* Contoller */ = {
			isa = PBXGroup;
			children = (
			);
			name = Contoller;
			sourceTree = "<group>";
		};
		A8B7358A1CBC6FCF005C74D7 /* View */ = {
			isa = PBXGroup;
			children = (
				A8B735991CBC9E3E005C74D7 /* CustomView.swift */,
				A8B7359E1CBCA76A005C74D7 /* MaterialButton.swift */,
				A8B735A01CBCAA78005C74D7 /* CustomTextField.swift */,
			);
			name = View;
			sourceTree = "<group>";
		};
		A8B7358B1CBC6FD9005C74D7 /* Model */ = {
			isa = PBXGroup;
			children = (
			);
			name = Model;
			sourceTree = "<group>";
		};
		A8B7358C1CBC6FE1005C74D7 /* Resources */ = {
			isa = PBXGroup;
			children = (
				A8B7358D1CBC7026005C74D7 /* NotoSans-Bold.ttf */,
				A8B7358E1CBC7026005C74D7 /* NotoSans-BoldItalic.ttf */,
				A8B7358F1CBC7026005C74D7 /* NotoSans-Italic.ttf */,
				A8B735901CBC7026005C74D7 /* NotoSans-Regular.ttf */,
			);
			name = Resources;
			sourceTree = "<group>";
		};
		A8B7359B1CBC9EAC005C74D7 /* Util */ = {
			isa = PBXGroup;
			children = (
				A8B7359C1CBC9EC1005C74D7 /* Constants.swift */,
			);
			name = Util;
			sourceTree = "<group>";
		};
/* End PBXGroup section */

/* Begin PBXNativeTarget section */
		A8B735731CBC6F89005C74D7 /* SocialFeed */ = {
			isa = PBXNativeTarget;
			buildConfigurationList = A8B735861CBC6F89005C74D7 /* Build configuration list for PBXNativeTarget "SocialFeed" */;
			buildPhases = (
				A8B735701CBC6F89005C74D7 /* Sources */,
				A8B735711CBC6F89005C74D7 /* Frameworks */,
				A8B735721CBC6F89005C74D7 /* Resources */,
			);
			buildRules = (
			);
			dependencies = (
			);
			name = SocialFeed;
			productName = SocialFeed;
			productReference = A8B735741CBC6F89005C74D7 /* SocialFeed.app */;
			productType = "com.apple.product-type.application";
		};
/* End PBXNativeTarget section */

/* Begin PBXProject section */
		A8B7356C1CBC6F89005C74D7 /* Project object */ = {
			isa = PBXProject;
			attributes = {
				LastSwiftUpdateCheck = 0730;
				LastUpgradeCheck = 0730;
				ORGANIZATIONNAME = "Matt Deuschle";
				TargetAttributes = {
					A8B735731CBC6F89005C74D7 = {
						CreatedOnToolsVersion = 7.3;
					};
				};
			};
			buildConfigurationList = A8B7356F1CBC6F89005C74D7 /* Build configuration list for PBXProject "SocialFeed" */;
			compatibilityVersion = "Xcode 3.2";
			developmentRegion = English;
			hasScannedForEncodings = 0;
			knownRegions = (
				en,
				Base,
			);
			mainGroup = A8B7356B1CBC6F89005C74D7;
			productRefGroup = A8B735751CBC6F89005C74D7 /* Products */;
			projectDirPath = "";
			projectRoot = "";
			targets = (
				A8B735731CBC6F89005C74D7 /* SocialFeed */,
			);
		};
/* End PBXProject section */

/* Begin PBXResourcesBuildPhase section */
		A8B735721CBC6F89005C74D7 /* Resources */ = {
			isa = PBXResourcesBuildPhase;
			buildActionMask = 2147483647;
			files = (
				A8B735911CBC7026005C74D7 /* NotoSans-Bold.ttf in Resources */,
				A8B735821CBC6F89005C74D7 /* LaunchScreen.storyboard in Resources */,
				A8B735921CBC7026005C74D7 /* NotoSans-BoldItalic.ttf in Resources */,
				A8B735931CBC7026005C74D7 /* NotoSans-Italic.ttf in Resources */,
				A8B7357D1CBC6F89005C74D7 /* Main.storyboard in Resources */,
				A8B735941CBC7026005C74D7 /* NotoSans-Regular.ttf in Resources */,
			);
			runOnlyForDeploymentPostprocessing = 0;
		};
/* End PBXResourcesBuildPhase section */

/* Begin PBXSourcesBuildPhase section */
		A8B735701CBC6F89005C74D7 /* Sources */ = {
			isa = PBXSourcesBuildPhase;
			buildActionMask = 2147483647;
			files = (
				A8B7359A1CBC9E3E005C74D7 /* CustomView.swift in Sources */,
				A8B7357A1CBC6F89005C74D7 /* ViewController.swift in Sources */,
				A8B735A11CBCAA78005C74D7 /* CustomTextField.swift in Sources */,
				A8B735781CBC6F89005C74D7 /* AppDelegate.swift in Sources */,
				A8B7359D1CBC9EC1005C74D7 /* Constants.swift in Sources */,
				A8B7359F1CBCA76A005C74D7 /* MaterialButton.swift in Sources */,
			);
			runOnlyForDeploymentPostprocessing = 0;
		};
/* End PBXSourcesBuildPhase section */

/* Begin PBXVariantGroup section */
		A8B7357B1CBC6F89005C74D7 /* Main.storyboard */ = {
			isa = PBXVariantGroup;
			children = (
				A8B7357C1CBC6F89005C74D7 /* Base */,
			);
			name = Main.storyboard;
			sourceTree = "<group>";
		};
		A8B735801CBC6F89005C74D7 /* LaunchScreen.storyboard */ = {
			isa = PBXVariantGroup;
			children = (
				A8B735811CBC6F89005C74D7 /* Base */,
			);
			name = LaunchScreen.storyboard;
			sourceTree = "<group>";
		};
/* End PBXVariantGroup section */

/* Begin XCBuildConfiguration section */
		A8B735841CBC6F89005C74D7 /* Debug */ = {
			isa = XCBuildConfiguration;
			buildSettings = {
				ALWAYS_SEARCH_USER_PATHS = NO;
				CLANG_ANALYZER_NONNULL = YES;
				CLANG_CXX_LANGUAGE_STANDARD = "gnu++0x";
				CLANG_CXX_LIBRARY = "libc++";
				CLANG_ENABLE_MODULES = YES;
				CLANG_ENABLE_OBJC_ARC = YES;
				CLANG_WARN_BOOL_CONVERSION = YES;
				CLANG_WARN_CONSTANT_CONVERSION = YES;
				CLANG_WARN_DIRECT_OBJC_ISA_USAGE = YES_ERROR;
				CLANG_WARN_EMPTY_BODY = YES;
				CLANG_WARN_ENUM_CONVERSION = YES;
				CLANG_WARN_INT_CONVERSION = YES;
				CLANG_WARN_OBJC_ROOT_CLASS = YES_ERROR;
				CLANG_WARN_UNREACHABLE_CODE = YES;
				CLANG_WARN__DUPLICATE_METHOD_MATCH = YES;
				"CODE_SIGN_IDENTITY[sdk=iphoneos*]" = "iPhone Developer";
				COPY_PHASE_STRIP = NO;
				DEBUG_INFORMATION_FORMAT = dwarf;
				ENABLE_STRICT_OBJC_MSGSEND = YES;
				ENABLE_TESTABILITY = YES;
				GCC_C_LANGUAGE_STANDARD = gnu99;
				GCC_DYNAMIC_NO_PIC = NO;
				GCC_NO_COMMON_BLOCKS = YES;
				GCC_OPTIMIZATION_LEVEL = 0;
				GCC_PREPROCESSOR_DEFINITIONS = (
					"DEBUG=1",
					"$(inherited)",
				);
				GCC_WARN_64_TO_32_BIT_CONVERSION = YES;
				GCC_WARN_ABOUT_RETURN_TYPE = YES_ERROR;
				GCC_WARN_UNDECLARED_SELECTOR = YES;
				GCC_WARN_UNINITIALIZED_AUTOS = YES_AGGRESSIVE;
				GCC_WARN_UNUSED_FUNCTION = YES;
				GCC_WARN_UNUSED_VARIABLE = YES;
				IPHONEOS_DEPLOYMENT_TARGET = 9.3;
				MTL_ENABLE_DEBUG_INFO = YES;
				ONLY_ACTIVE_ARCH = YES;
				SDKROOT = iphoneos;
				SWIFT_OPTIMIZATION_LEVEL = "-Onone";
				TARGETED_DEVICE_FAMILY = "1,2";
			};
			name = Debug;
		};
		A8B735851CBC6F89005C74D7 /* Release */ = {
			isa = XCBuildConfiguration;
			buildSettings = {
				ALWAYS_SEARCH_USER_PATHS = NO;
				CLANG_ANALYZER_NONNULL = YES;
				CLANG_CXX_LANGUAGE_STANDARD = "gnu++0x";
				CLANG_CXX_LIBRARY = "libc++";
				CLANG_ENABLE_MODULES = YES;
				CLANG_ENABLE_OBJC_ARC = YES;
				CLANG_WARN_BOOL_CONVERSION = YES;
				CLANG_WARN_CONSTANT_CONVERSION = YES;
				CLANG_WARN_DIRECT_OBJC_ISA_USAGE = YES_ERROR;
				CLANG_WARN_EMPTY_BODY = YES;
				CLANG_WARN_ENUM_CONVERSION = YES;
				CLANG_WARN_INT_CONVERSION = YES;
				CLANG_WARN_OBJC_ROOT_CLASS = YES_ERROR;
				CLANG_WARN_UNREACHABLE_CODE = YES;
				CLANG_WARN__DUPLICATE_METHOD_MATCH = YES;
				"CODE_SIGN_IDENTITY[sdk=iphoneos*]" = "iPhone Developer";
				COPY_PHASE_STRIP = NO;
				DEBUG_INFORMATION_FORMAT = "dwarf-with-dsym";
				ENABLE_NS_ASSERTIONS = NO;
				ENABLE_STRICT_OBJC_MSGSEND = YES;
				GCC_C_LANGUAGE_STANDARD = gnu99;
				GCC_NO_COMMON_BLOCKS = YES;
				GCC_WARN_64_TO_32_BIT_CONVERSION = YES;
				GCC_WARN_ABOUT_RETURN_TYPE = YES_ERROR;
				GCC_WARN_UNDECLARED_SELECTOR = YES;
				GCC_WARN_UNINITIALIZED_AUTOS = YES_AGGRESSIVE;
				GCC_WARN_UNUSED_FUNCTION = YES;
				GCC_WARN_UNUSED_VARIABLE = YES;
				IPHONEOS_DEPLOYMENT_TARGET = 9.3;
				MTL_ENABLE_DEBUG_INFO = NO;
				SDKROOT = iphoneos;
				TARGETED_DEVICE_FAMILY = "1,2";
				VALIDATE_PRODUCT = YES;
			};
			name = Release;
		};
		A8B735871CBC6F89005C74D7 /* Debug */ = {
			isa = XCBuildConfiguration;
			buildSettings = {
				ASSETCATALOG_COMPILER_APPICON_NAME = AppIcon;
				INFOPLIST_FILE = SocialFeed/Info.plist;
				LD_RUNPATH_SEARCH_PATHS = "$(inherited) @executable_path/Frameworks";
				PRODUCT_BUNDLE_IDENTIFIER = mattdeuschle.SocialFeed;
				PRODUCT_NAME = "$(TARGET_NAME)";
			};
			name = Debug;
		};
		A8B735881CBC6F89005C74D7 /* Release */ = {
			isa = XCBuildConfiguration;
			buildSettings = {
				ASSETCATALOG_COMPILER_APPICON_NAME = AppIcon;
				INFOPLIST_FILE = SocialFeed/Info.plist;
				LD_RUNPATH_SEARCH_PATHS = "$(inherited) @executable_path/Frameworks";
				PRODUCT_BUNDLE_IDENTIFIER = mattdeuschle.SocialFeed;
				PRODUCT_NAME = "$(TARGET_NAME)";
			};
			name = Release;
		};
/* End XCBuildConfiguration section */

/* Begin XCConfigurationList section */
		A8B7356F1CBC6F89005C74D7 /* Build configuration list for PBXProject "SocialFeed" */ = {
			isa = XCConfigurationList;
			buildConfigurations = (
				A8B735841CBC6F89005C74D7 /* Debug */,
				A8B735851CBC6F89005C74D7 /* Release */,
			);
			defaultConfigurationIsVisible = 0;
			defaultConfigurationName = Release;
		};
		A8B735861CBC6F89005C74D7 /* Build configuration list for PBXNativeTarget "SocialFeed" */ = {
			isa = XCConfigurationList;
			buildConfigurations = (
				A8B735871CBC6F89005C74D7 /* Debug */,
				A8B735881CBC6F89005C74D7 /* Release */,
			);
			defaultConfigurationIsVisible = 0;
		};
/* End XCConfigurationList section */
	};
	rootObject = A8B7356C1CBC6F89005C74D7 /* Project object */;
}
